{
  "name": "vietstore-rag",
  "lockfileVersion": 3,
  "requires": true,
  "packages": {
    "": {
      "name": "vietstore-rag",
      "devDependencies": {
        "turbo": "^2.3.0"
      },
      "engines": {
        "node": ">=18.18.0"
      }
    },
    "node_modules/@turbo/darwin-64": {
      "version": "2.9.16",
      "resolved": "https://registry.npmjs.org/@turbo/darwin-64/-/darwin-64-2.9.16.tgz",
      "integrity": "sha512-jLjApWTSNd7JZ5JaLYfelW1ytnGQOvB7ivl+2RD1xQvJTbi8I9gBjzcga7tDZVPyaxpl10YTfJt3BrYXR18KDw==",
      "cpu": [
        "x64"
      ],
      "dev": true,
      "license": "MIT",
      "optional": true,
      "os": [
        "darwin"
      ]
    },
    "node_modules/@turbo/darwin-arm64": {
      "version": "2.9.16",
      "resolved": "https://registry.npmjs.org/@turbo/darwin-arm64/-/darwin-arm64-2.9.16.tgz",
      "integrity": "sha512-YPgrn+5HIGzrx0O2a631SV4MBQUe4W/DafMFUuBVgaU32PW9/OTT0ehviF0QSxTXuRJlHvW2eUTemddF5/spmw==",
      "cpu": [
        "arm64"
      ],
      "dev": true,
      "license": "MIT",
      "optional": true,
      "os": [
        "darwin"
      ]
    },
    "node_modules/@turbo/linux-64": {
      "version": "2.9.16",
      "resolved": "https://registry.npmjs.org/@turbo/linux-64/-/linux-64-2.9.16.tgz",
      "integrity": "sha512-vAEf1H6l26lTpl9FJ/peQo1NUB8RC0sbEJJz5mPcUhHA2bPDup2x3CZPgo/bH8S4cUcBLm4FN3UHd5iUO2RAew==",
      "cpu": [
        "x64"
      ],
      "dev": true,
      "license": "MIT",
      "optional": true,
      "os": [
        "linux"
      ]
    },
    "node_modules/@turbo/linux-arm64": {
      "version": "2.9.16",
      "resolved": "https://registry.npmjs.org/@turbo/linux-arm64/-/linux-arm64-2.9.16.tgz",
      "integrity": "sha512-xDBLR2PZg4BrQOchfG6svgpv5FCNJ2TOtT2psLdEJcdKo1BH+pnPs9Xj6pvUjgfkHbuvBOfeE4R6tvxMoQKDHQ==",
      "cpu": [
        "arm64"
      ],
      "dev": true,
      "license": "MIT",
      "optional": true,
      "os": [
        "linux"
      ]
    },
    "node_modules/@turbo/windows-64": {
      "version": "2.9.16",
      "resolved": "https://registry.npmjs.org/@turbo/windows-64/-/windows-64-2.9.16.tgz",
      "integrity": "sha512-NBAJnaUiGdgkSzQwUIdOvkCkcpTSu58G/sBGa0mvBtzfvFOOgrQwepKOOQ8cp6sWM6OcKDNFj2p1dsZA1OWjPg==",
      "cpu": [
        "x64"
      ],
      "dev": true,
      "license": "MIT",
      "optional": true,
      "os": [
        "win32"
      ]
    },
    "node_modules/@turbo/windows-arm64": {
      "version": "2.9.16",
      "resolved": "https://registry.npmjs.org/@turbo/windows-arm64/-/windows-arm64-2.9.16.tgz",
      "integrity": "sha512-Y7SJppD0Z8wjO3Ec0ZGd9KQ4Yv0BMnA8CIowj5Vp+OEVsosXDG2weK6/t1RRLfJmc2Ozrnd6y4DOgQys+mn3WQ==",
      "cpu": [
        "arm64"
      ],
      "dev": true,
      "license": "MIT",
      "optional": true,
      "os": [
        "win32"
      ]
    },
    "node_modules/turbo": {
      "version": "2.9.16",
      "resolved": "https://registry.npmjs.org/turbo/-/turbo-2.9.16.tgz",
      "integrity": "sha512-NqgRQy6j6dPYcdSdv0q1g9QsZg7SWg87RERM8otw/1AtKU2yTFVClOM7cbwKzOonZr/Ek1blTBucw64L9H0Bwg==",
      "dev": true,
      "license": "MIT",
      "bin": {
        "turbo": "bin/turbo"
      },
      "optionalDependencies": {
        "@turbo/darwin-64": "2.9.16",
        "@turbo/darwin-arm64": "2.9.16",
        "@turbo/linux-64": "2.9.16",
        "@turbo/linux-arm64": "2.9.16",
        "@turbo/windows-64": "2.9.16",
        "@turbo/windows-arm64": "2.9.16"
      }
    }
  }
}
